
Microsoft Visual Studio Solution File, Format Version 12.00
# Visual Studio Version 17
VisualStudioVersion = 17.3.32922.545
MinimumVisualStudioVersion = 10.0.40219.1
Project("{FAE04EC0-301F-11D3-BF4B-00C04F79EFBC}") = "L12_RAJCL_1073522", "L12_RAJCL_1073522\L12_RAJCL_1073522.csproj", "{C8043092-A1E7-45EE-A09A-6D08E76F6024}"
EndProject
Global
	GlobalSection(SolutionConfigurationPlatforms) = preSolution
		Debug|Any CPU = Debug|Any CPU
		Release|Any CPU = Release|Any CPU
	EndGlobalSection
	GlobalSection(ProjectConfigurationPlatforms) = postSolution
		{C8043092-A1E7-45EE-A09A-6D08E76F6024}.Debug|Any CPU.ActiveCfg = Debug|Any CPU
		{C8043092-A1E7-45EE-A09A-6D08E76F6024}.Debug|Any CPU.Build.0 = Debug|Any CPU
		{C8043092-A1E7-45EE-A09A-6D08E76F6024}.Release|Any CPU.ActiveCfg = Release|Any CPU
		{C8043092-A1E7-45EE-A09A-6D08E76F6024}.Release|Any CPU.Build.0 = Release|Any CPU
	EndGlobalSection
	GlobalSection(SolutionProperties) = preSolution
		HideSolutionNode = FALSE
	EndGlobalSection
	GlobalSection(ExtensibilityGlobals) = postSolution
		SolutionGuid = {2880CDC9-0EE2-4A46-BA33-C7DC858BB901}
	EndGlobalSection
EndGlobal
